
Microsoft Visual Studio Solution File, Format Version 12.00
# Visual Studio Version 17
VisualStudioVersion = 17.0.31903.59
MinimumVisualStudioVersion = 10.0.40219.1
Project("{2150E333-8FDC-42A3-9474-1A3956D46DE8}") = "src", "src", "{827E0CD3-B72D-47B6-A68D-7590B98EB39B}"
EndProject
Project("{FAE04EC0-301F-11D3-BF4B-00C04F79EFBC}") = "PhotoShelf.Desktop", "src\PhotoShelf.Desktop\PhotoShelf.Desktop.csproj", "{DE946892-B7DE-444C-A5D7-037EAF548C5F}"
EndProject
Project("{FAE04EC0-301F-11D3-BF4B-00C04F79EFBC}") = "PhotoShelf.Application", "src\PhotoShelf.Application\PhotoShelf.Application.csproj", "{7D3A30A9-C26B-41B6-8868-75F3AEAD03F4}"
EndProject
Project("{FAE04EC0-301F-11D3-BF4B-00C04F79EFBC}") = "PhotoShelf.Domain", "src\PhotoShelf.Domain\PhotoShelf.Domain.csproj", "{7962E5FF-F24C-44A5-BB0C-E5BBFAADDDFB}"
EndProject
Project("{FAE04EC0-301F-11D3-BF4B-00C04F79EFBC}") = "PhotoShelf.Infrastructure.Sqlite", "src\PhotoShelf.Infrastructure.Sqlite\PhotoShelf.Infrastructure.Sqlite.csproj", "{4AA81F90-F14D-4980-A78D-68ECE741DE48}"
EndProject
Project("{2150E333-8FDC-42A3-9474-1A3956D46DE8}") = "tests", "tests", "{0AB3BF05-4346-4AA6-1389-037BE0695223}"
EndProject
Project("{FAE04EC0-301F-11D3-BF4B-00C04F79EFBC}") = "PhotoShelf.Application.Tests", "tests\PhotoShelf.Application.Tests\PhotoShelf.Application.Tests.csproj", "{DFF86742-3078-4991-801B-C0A0BCCA3757}"
EndProject
Project("{FAE04EC0-301F-11D3-BF4B-00C04F79EFBC}") = "PhotoShelf.Domain.Tests", "tests\PhotoShelf.Domain.Tests\PhotoShelf.Domain.Tests.csproj", "{A3CDA5B4-7F66-425C-B8E2-BCD5B86AAE8E}"
EndProject
Project("{FAE04EC0-301F-11D3-BF4B-00C04F79EFBC}") = "PhotoShelf.Infrastructure.Sqlite.Tests", "tests\PhotoShelf.Infrastructure.Sqlite.Tests\PhotoShelf.Infrastructure.Sqlite.Tests.csproj", "{C8885664-1D77-4F0A-97CF-17219E4A51D3}"
EndProject
Project("{FAE04EC0-301F-11D3-BF4B-00C04F79EFBC}") = "PhotoShelf.Desktop.Tests", "tests\PhotoShelf.Desktop.Tests\PhotoShelf.Desktop.Tests.csproj", "{7519786B-1B28-4165-8C6A-3D8D96110E13}"
EndProject
Project("{FAE04EC0-301F-11D3-BF4B-00C04F79EFBC}") = "PhotoShelf.CrashProbe", "tests\PhotoShelf.CrashProbe\PhotoShelf.CrashProbe.csproj", "{A9E52388-7D6F-4C2B-87D1-940A6B8B2D19}"
EndProject
Global
	GlobalSection(SolutionConfigurationPlatforms) = preSolution
		Debug|Any CPU = Debug|Any CPU
		Debug|x64 = Debug|x64
		Debug|x86 = Debug|x86
		Release|Any CPU = Release|Any CPU
		Release|x64 = Release|x64
		Release|x86 = Release|x86
	EndGlobalSection
	GlobalSection(ProjectConfigurationPlatforms) = postSolution
		{DE946892-B7DE-444C-A5D7-037EAF548C5F}.Debug|Any CPU.ActiveCfg = Debug|Any CPU
		{DE946892-B7DE-444C-A5D7-037EAF548C5F}.Debug|Any CPU.Build.0 = Debug|Any CPU
		{DE946892-B7DE-444C-A5D7-037EAF548C5F}.Debug|x64.ActiveCfg = Debug|Any CPU
		{DE946892-B7DE-444C-A5D7-037EAF548C5F}.Debug|x64.Build.0 = Debug|Any CPU
		{DE946892-B7DE-444C-A5D7-037EAF548C5F}.Debug|x86.ActiveCfg = Debug|Any CPU
		{DE946892-B7DE-444C-A5D7-037EAF548C5F}.Debug|x86.Build.0 = Debug|Any CPU
		{DE946892-B7DE-444C-A5D7-037EAF548C5F}.Release|Any CPU.ActiveCfg = Release|Any CPU
		{DE946892-B7DE-444C-A5D7-037EAF548C5F}.Release|Any CPU.Build.0 = Release|Any CPU
		{DE946892-B7DE-444C-A5D7-037EAF548C5F}.Release|x64.ActiveCfg = Release|Any CPU
		{DE946892-B7DE-444C-A5D7-037EAF548C5F}.Release|x64.Build.0 = Release|Any CPU
		{DE946892-B7DE-444C-A5D7-037EAF548C5F}.Release|x86.ActiveCfg = Release|Any CPU
		{DE946892-B7DE-444C-A5D7-037EAF548C5F}.Release|x86.Build.0 = Release|Any CPU
		{7D3A30A9-C26B-41B6-8868-75F3AEAD03F4}.Debug|Any CPU.ActiveCfg = Debug|Any CPU
		{7D3A30A9-C26B-41B6-8868-75F3AEAD03F4}.Debug|Any CPU.Build.0 = Debug|Any CPU
		{7D3A30A9-C26B-41B6-8868-75F3AEAD03F4}.Debug|x64.ActiveCfg = Debug|Any CPU
		{7D3A30A9-C26B-41B6-8868-75F3AEAD03F4}.Debug|x64.Build.0 = Debug|Any CPU
		{7D3A30A9-C26B-41B6-8868-75F3AEAD03F4}.Debug|x86.ActiveCfg = Debug|Any CPU
		{7D3A30A9-C26B-41B6-8868-75F3AEAD03F4}.Debug|x86.Build.0 = Debug|Any CPU
		{7D3A30A9-C26B-41B6-8868-75F3AEAD03F4}.Release|Any CPU.ActiveCfg = Release|Any CPU
		{7D3A30A9-C26B-41B6-8868-75F3AEAD03F4}.Release|Any CPU.Build.0 = Release|Any CPU
		{7D3A30A9-C26B-41B6-8868-75F3AEAD03F4}.Release|x64.ActiveCfg = Release|Any CPU
		{7D3A30A9-C26B-41B6-8868-75F3AEAD03F4}.Release|x64.Build.0 = Release|Any CPU
		{7D3A30A9-C26B-41B6-8868-75F3AEAD03F4}.Release|x86.ActiveCfg = Release|Any CPU
		{7D3A30A9-C26B-41B6-8868-75F3AEAD03F4}.Release|x86.Build.0 = Release|Any CPU
		{7962E5FF-F24C-44A5-BB0C-E5BBFAADDDFB}.Debug|Any CPU.ActiveCfg = Debug|Any CPU
		{7962E5FF-F24C-44A5-BB0C-E5BBFAADDDFB}.Debug|Any CPU.Build.0 = Debug|Any CPU
		{7962E5FF-F24C-44A5-BB0C-E5BBFAADDDFB}.Debug|x64.ActiveCfg = Debug|Any CPU
		{7962E5FF-F24C-44A5-BB0C-E5BBFAADDDFB}.Debug|x64.Build.0 = Debug|Any CPU
		{7962E5FF-F24C-44A5-BB0C-E5BBFAADDDFB}.Debug|x86.ActiveCfg = Debug|Any CPU
		{7962E5FF-F24C-44A5-BB0C-E5BBFAADDDFB}.Debug|x86.Build.0 = Debug|Any CPU
		{7962E5FF-F24C-44A5-BB0C-E5BBFAADDDFB}.Release|Any CPU.ActiveCfg = Release|Any CPU
		{7962E5FF-F24C-44A5-BB0C-E5BBFAADDDFB}.Release|Any CPU.Build.0 = Release|Any CPU
		{7962E5FF-F24C-44A5-BB0C-E5BBFAADDDFB}.Release|x64.ActiveCfg = Release|Any CPU
		{7962E5FF-F24C-44A5-BB0C-E5BBFAADDDFB}.Release|x64.Build.0 = Release|Any CPU
		{7962E5FF-F24C-44A5-BB0C-E5BBFAADDDFB}.Release|x86.ActiveCfg = Release|Any CPU
		{7962E5FF-F24C-44A5-BB0C-E5BBFAADDDFB}.Release|x86.Build.0 = Release|Any CPU
		{4AA81F90-F14D-4980-A78D-68ECE741DE48}.Debug|Any CPU.ActiveCfg = Debug|Any CPU
		{4AA81F90-F14D-4980-A78D-68ECE741DE48}.Debug|Any CPU.Build.0 = Debug|Any CPU
		{4AA81F90-F14D-4980-A78D-68ECE741DE48}.Debug|x64.ActiveCfg = Debug|Any CPU
		{4AA81F90-F14D-4980-A78D-68ECE741DE48}.Debug|x64.Build.0 = Debug|Any CPU
		{4AA81F90-F14D-4980-A78D-68ECE741DE48}.Debug|x86.ActiveCfg = Debug|Any CPU
		{4AA81F90-F14D-4980-A78D-68ECE741DE48}.Debug|x86.Build.0 = Debug|Any CPU
		{4AA81F90-F14D-4980-A78D-68ECE741DE48}.Release|Any CPU.ActiveCfg = Release|Any CPU
		{4AA81F90-F14D-4980-A78D-68ECE741DE48}.Release|Any CPU.Build.0 = Release|Any CPU
		{4AA81F90-F14D-4980-A78D-68ECE741DE48}.Release|x64.ActiveCfg = Release|Any CPU
		{4AA81F90-F14D-4980-A78D-68ECE741DE48}.Release|x64.Build.0 = Release|Any CPU
		{4AA81F90-F14D-4980-A78D-68ECE741DE48}.Release|x86.ActiveCfg = Release|Any CPU
		{4AA81F90-F14D-4980-A78D-68ECE741DE48}.Release|x86.Build.0 = Release|Any CPU
		{DFF86742-3078-4991-801B-C0A0BCCA3757}.Debug|Any CPU.ActiveCfg = Debug|Any CPU
		{DFF86742-3078-4991-801B-C0A0BCCA3757}.Debug|Any CPU.Build.0 = Debug|Any CPU
		{DFF86742-3078-4991-801B-C0A0BCCA3757}.Debug|x64.ActiveCfg = Debug|Any CPU
		{DFF86742-3078-4991-801B-C0A0BCCA3757}.Debug|x64.Build.0 = Debug|Any CPU
		{DFF86742-3078-4991-801B-C0A0BCCA3757}.Debug|x86.ActiveCfg = Debug|Any CPU
		{DFF86742-3078-4991-801B-C0A0BCCA3757}.Debug|x86.Build.0 = Debug|Any CPU
		{DFF86742-3078-4991-801B-C0A0BCCA3757}.Release|Any CPU.ActiveCfg = Release|Any CPU
		{DFF86742-3078-4991-801B-C0A0BCCA3757}.Release|Any CPU.Build.0 = Release|Any CPU
		{DFF86742-3078-4991-801B-C0A0BCCA3757}.Release|x64.ActiveCfg = Release|Any CPU
		{DFF86742-3078-4991-801B-C0A0BCCA3757}.Release|x64.Build.0 = Release|Any CPU
		{DFF86742-3078-4991-801B-C0A0BCCA3757}.Release|x86.ActiveCfg = Release|Any CPU
		{DFF86742-3078-4991-801B-C0A0BCCA3757}.Release|x86.Build.0 = Release|Any CPU
		{A3CDA5B4-7F66-425C-B8E2-BCD5B86AAE8E}.Debug|Any CPU.ActiveCfg = Debug|Any CPU
		{A3CDA5B4-7F66-425C-B8E2-BCD5B86AAE8E}.Debug|Any CPU.Build.0 = Debug|Any CPU
		{A3CDA5B4-7F66-425C-B8E2-BCD5B86AAE8E}.Debug|x64.ActiveCfg = Debug|Any CPU
		{A3CDA5B4-7F66-425C-B8E2-BCD5B86AAE8E}.Debug|x64.Build.0 = Debug|Any CPU
		{A3CDA5B4-7F66-425C-B8E2-BCD5B86AAE8E}.Debug|x86.ActiveCfg = Debug|Any CPU
		{A3CDA5B4-7F66-425C-B8E2-BCD5B86AAE8E}.Debug|x86.Build.0 = Debug|Any CPU
		{A3CDA5B4-7F66-425C-B8E2-BCD5B86AAE8E}.Release|Any CPU.ActiveCfg = Release|Any CPU
		{A3CDA5B4-7F66-425C-B8E2-BCD5B86AAE8E}.Release|Any CPU.Build.0 = Release|Any CPU
		{A3CDA5B4-7F66-425C-B8E2-BCD5B86AAE8E}.Release|x64.ActiveCfg = Release|Any CPU
		{A3CDA5B4-7F66-425C-B8E2-BCD5B86AAE8E}.Release|x64.Build.0 = Release|Any CPU
		{A3CDA5B4-7F66-425C-B8E2-BCD5B86AAE8E}.Release|x86.ActiveCfg = Release|Any CPU
		{A3CDA5B4-7F66-425C-B8E2-BCD5B86AAE8E}.Release|x86.Build.0 = Release|Any CPU
		{C8885664-1D77-4F0A-97CF-17219E4A51D3}.Debug|Any CPU.ActiveCfg = Debug|Any CPU
		{C8885664-1D77-4F0A-97CF-17219E4A51D3}.Debug|Any CPU.Build.0 = Debug|Any CPU
		{C8885664-1D77-4F0A-97CF-17219E4A51D3}.Debug|x64.ActiveCfg = Debug|Any CPU
		{C8885664-1D77-4F0A-97CF-17219E4A51D3}.Debug|x64.Build.0 = Debug|Any CPU
		{C8885664-1D77-4F0A-97CF-17219E4A51D3}.Debug|x86.ActiveCfg = Debug|Any CPU
		{C8885664-1D77-4F0A-97CF-17219E4A51D3}.Debug|x86.Build.0 = Debug|Any CPU
		{C8885664-1D77-4F0A-97CF-17219E4A51D3}.Release|Any CPU.ActiveCfg = Release|Any CPU
		{C8885664-1D77-4F0A-97CF-17219E4A51D3}.Release|Any CPU.Build.0 = Release|Any CPU
		{C8885664-1D77-4F0A-97CF-17219E4A51D3}.Release|x64.ActiveCfg = Release|Any CPU
		{C8885664-1D77-4F0A-97CF-17219E4A51D3}.Release|x64.Build.0 = Release|Any CPU
		{C8885664-1D77-4F0A-97CF-17219E4A51D3}.Release|x86.ActiveCfg = Release|Any CPU
		{C8885664-1D77-4F0A-97CF-17219E4A51D3}.Release|x86.Build.0 = Release|Any CPU
		{7519786B-1B28-4165-8C6A-3D8D96110E13}.Debug|Any CPU.ActiveCfg = Debug|Any CPU
		{7519786B-1B28-4165-8C6A-3D8D96110E13}.Debug|Any CPU.Build.0 = Debug|Any CPU
		{7519786B-1B28-4165-8C6A-3D8D96110E13}.Debug|x64.ActiveCfg = Debug|Any CPU
		{7519786B-1B28-4165-8C6A-3D8D96110E13}.Debug|x64.Build.0 = Debug|Any CPU
		{7519786B-1B28-4165-8C6A-3D8D96110E13}.Debug|x86.ActiveCfg = Debug|Any CPU
		{7519786B-1B28-4165-8C6A-3D8D96110E13}.Debug|x86.Build.0 = Debug|Any CPU
		{7519786B-1B28-4165-8C6A-3D8D96110E13}.Release|Any CPU.ActiveCfg = Release|Any CPU
		{7519786B-1B28-4165-8C6A-3D8D96110E13}.Release|Any CPU.Build.0 = Release|Any CPU
		{7519786B-1B28-4165-8C6A-3D8D96110E13}.Release|x64.ActiveCfg = Release|Any CPU
		{7519786B-1B28-4165-8C6A-3D8D96110E13}.Release|x64.Build.0 = Release|Any CPU
		{7519786B-1B28-4165-8C6A-3D8D96110E13}.Release|x86.ActiveCfg = Release|Any CPU
		{7519786B-1B28-4165-8C6A-3D8D96110E13}.Release|x86.Build.0 = Release|Any CPU
		{A9E52388-7D6F-4C2B-87D1-940A6B8B2D19}.Debug|Any CPU.ActiveCfg = Debug|Any CPU
		{A9E52388-7D6F-4C2B-87D1-940A6B8B2D19}.Debug|Any CPU.Build.0 = Debug|Any CPU
		{A9E52388-7D6F-4C2B-87D1-940A6B8B2D19}.Debug|x64.ActiveCfg = Debug|Any CPU
		{A9E52388-7D6F-4C2B-87D1-940A6B8B2D19}.Debug|x64.Build.0 = Debug|Any CPU
		{A9E52388-7D6F-4C2B-87D1-940A6B8B2D19}.Debug|x86.ActiveCfg = Debug|Any CPU
		{A9E52388-7D6F-4C2B-87D1-940A6B8B2D19}.Debug|x86.Build.0 = Debug|Any CPU
		{A9E52388-7D6F-4C2B-87D1-940A6B8B2D19}.Release|Any CPU.ActiveCfg = Release|Any CPU
		{A9E52388-7D6F-4C2B-87D1-940A6B8B2D19}.Release|Any CPU.Build.0 = Release|Any CPU
		{A9E52388-7D6F-4C2B-87D1-940A6B8B2D19}.Release|x64.ActiveCfg = Release|Any CPU
		{A9E52388-7D6F-4C2B-87D1-940A6B8B2D19}.Release|x64.Build.0 = Release|Any CPU
		{A9E52388-7D6F-4C2B-87D1-940A6B8B2D19}.Release|x86.ActiveCfg = Release|Any CPU
		{A9E52388-7D6F-4C2B-87D1-940A6B8B2D19}.Release|x86.Build.0 = Release|Any CPU
	EndGlobalSection
	GlobalSection(SolutionProperties) = preSolution
		HideSolutionNode = FALSE
	EndGlobalSection
	GlobalSection(NestedProjects) = preSolution
		{DE946892-B7DE-444C-A5D7-037EAF548C5F} = {827E0CD3-B72D-47B6-A68D-7590B98EB39B}
		{7D3A30A9-C26B-41B6-8868-75F3AEAD03F4} = {827E0CD3-B72D-47B6-A68D-7590B98EB39B}
		{7962E5FF-F24C-44A5-BB0C-E5BBFAADDDFB} = {827E0CD3-B72D-47B6-A68D-7590B98EB39B}
		{4AA81F90-F14D-4980-A78D-68ECE741DE48} = {827E0CD3-B72D-47B6-A68D-7590B98EB39B}
		{DFF86742-3078-4991-801B-C0A0BCCA3757} = {0AB3BF05-4346-4AA6-1389-037BE0695223}
		{A3CDA5B4-7F66-425C-B8E2-BCD5B86AAE8E} = {0AB3BF05-4346-4AA6-1389-037BE0695223}
		{C8885664-1D77-4F0A-97CF-17219E4A51D3} = {0AB3BF05-4346-4AA6-1389-037BE0695223}
		{7519786B-1B28-4165-8C6A-3D8D96110E13} = {0AB3BF05-4346-4AA6-1389-037BE0695223}
		{A9E52388-7D6F-4C2B-87D1-940A6B8B2D19} = {0AB3BF05-4346-4AA6-1389-037BE0695223}
	EndGlobalSection
EndGlobal
